
Microsoft Visual Studio Solution File, Format Version 12.00
# Visual Studio 2012
Project("{E24C65DC-7377-472B-9ABA-BC803B73C61A}") = "hisihiGame", ".", "{ADE0693A-2BDB-42A7-BE40-10E6189F3220}"
	ProjectSection(WebsiteProperties) = preProject
		TargetFrameworkMoniker = ".NETFramework,Version%3Dv4.0"
		Debug.AspNetCompiler.VirtualPath = "/hisihiGame"
		Debug.AspNetCompiler.PhysicalPath = "G:\code\hisihiGame\"
		Debug.AspNetCompiler.TargetPath = "PrecompiledWeb\hisihiGame\"
		Debug.AspNetCompiler.Updateable = "true"
		Debug.AspNetCompiler.ForceOverwrite = "true"
		Debug.AspNetCompiler.FixedNames = "false"
		Debug.AspNetCompiler.Debug = "True"
		Release.AspNetCompiler.VirtualPath = "/hisihiGame"
		Release.AspNetCompiler.PhysicalPath = "G:\code\hisihiGame\"
		Release.AspNetCompiler.TargetPath = "PrecompiledWeb\hisihiGame\"
		Release.AspNetCompiler.Updateable = "true"
		Release.AspNetCompiler.ForceOverwrite = "true"
		Release.AspNetCompiler.FixedNames = "false"
		Release.AspNetCompiler.Debug = "False"
		VWDPort = "2334"
	EndProjectSection
EndProject
Global
	GlobalSection(SolutionConfigurationPlatforms) = preSolution
		Debug|Any CPU = Debug|Any CPU
	EndGlobalSection
	GlobalSection(ProjectConfigurationPlatforms) = postSolution
		{ADE0693A-2BDB-42A7-BE40-10E6189F3220}.Debug|Any CPU.ActiveCfg = Debug|Any CPU
		{ADE0693A-2BDB-42A7-BE40-10E6189F3220}.Debug|Any CPU.Build.0 = Debug|Any CPU
	EndGlobalSection
	GlobalSection(SolutionProperties) = preSolution
		HideSolutionNode = FALSE
	EndGlobalSection
EndGlobal
